<?xml version="1.0" encoding="utf-8"?>
<Project ToolsVersion="4.0" xmlns="http://schemas.microsoft.com/developer/msbuild/2003">
  <ItemGroup>
    <Filter Include="Source Files">
      <UniqueIdentifier>{4FC737F1-C7A5-4376-A066-2A32D752A2FF}</UniqueIdentifier>
      <Extensions>cpp;c;cc;cxx;c++;cppm;ixx;def;odl;idl;hpj;bat;asm;asmx</Extensions>
    </Filter>
    <Filter Include="Header Files">
      <UniqueIdentifier>{93995380-89BD-4b04-88EB-625FBE52EBFB}</UniqueIdentifier>
      <Extensions>h;hh;hpp;hxx;h++;hm;inl;inc;ipp;xsd</Extensions>
    </Filter>
    <Filter Include="Resource Files">
      <UniqueIdentifier>{67DA6AB6-F800-4c08-8B7A-83BB121AAD01}</UniqueIdentifier>
      <Extensions>rc;ico;cur;bmp;dlg;rc2;rct;bin;rgs;gif;jpg;jpeg;jpe;resx;tiff;tif;png;wav;mfcribbon-ms</Extensions>
    </Filter>
  </ItemGroup>
  <ItemGroup>
    <ClCompile Include="source\in_the_dark\core\main_window\main_window.cpp">
      <Filter>Source Files</Filter>
    </ClCompile>
    <ClCompile Include="source\in_the_dark\core\main_window\main_window_setup_callbacks.cpp">
      <Filter>Source Files</Filter>
    </ClCompile>
    <ClCompile Include="source\in_the_dark\core\message\message_bus.cpp">
      <Filter>Source Files</Filter>
    </ClCompile>
    <ClCompile Include="source\in_the_dark\time\clock\clock.cpp">
      <Filter>Source Files</Filter>
    </ClCompile>
    <ClCompile Include="source\in_the_dark\time\stopwatch\stopwatch.cpp">
      <Filter>Source Files</Filter>
    </ClCompile>
    <ClCompile Include="source\in_the_dark\time\time_manager\time_manager.cpp">
      <Filter>Source Files</Filter>
    </ClCompile>
    <ClCompile Include="source\in_the_dark\graphics\graphics\graphics.cpp">
      <Filter>Source Files</Filter>
    </ClCompile>
    <ClCompile Include="source\in_the_dark\graphics\renderer\renderer.cpp">
      <Filter>Source Files</Filter>
    </ClCompile>
    <ClCompile Include="source\in_the_dark\input\keyboard\keyboard.cpp">
      <Filter>Source Files</Filter>
    </ClCompile>
    <ClCompile Include="source\in_the_dark\input\frame_counter.cpp">
      <Filter>Source Files</Filter>
    </ClCompile>
    <ClCompile Include="source\in_the_dark\input\mouse\mouse.cpp">
      <Filter>Source Files</Filter>
    </ClCompile>
    <ClCompile Include="source\in_the_dark\input\cursor\cursor.cpp">
      <Filter>Source Files</Filter>
    </ClCompile>
    <ClCompile Include="source\in_the_dark\scene\scene_manager\scene_manager.cpp">
      <Filter>Source Files</Filter>
    </ClCompile>
    <ClCompile Include="source\in_the_dark\core\worker\main_thread_worker.cpp">
      <Filter>Source Files</Filter>
    </ClCompile>
    <ClCompile Include="source\in_the_dark\core\worker\async_worker.cpp">
      <Filter>Source Files</Filter>
    </ClCompile>
    <ClCompile Include="source\in_the_dark\game_object\list\player.cpp">
      <Filter>Source Files</Filter>
    </ClCompile>
    <ClCompile Include="source\in_the_dark\game_object\game_object_manager.cpp">
      <Filter>Source Files</Filter>
    </ClCompile>
    <ClCompile Include="source\in_the_dark\core\worker\worker_thread.cpp">
      <Filter>Source Files</Filter>
    </ClCompile>
    <ClCompile Include="source\in_the_dark\core\worker\deferred_async_worker.cpp">
      <Filter>Source Files</Filter>
    </ClCompile>
    <ClCompile Include="source\in_the_dark\game_object\list\obstacle.cpp">
      <Filter>Source Files</Filter>
    </ClCompile>
    <ClCompile Include="source\in_the_dark\main.cpp">
      <Filter>Source Files</Filter>
    </ClCompile>
    <ClCompile Include="source\in_the_dark\application.cpp">
      <Filter>Source Files</Filter>
    </ClCompile>
    <ClCompile Include="source\in_the_dark\scene\building\building_scene.cpp">
      <Filter>Source Files</Filter>
    </ClCompile>
  </ItemGroup>
  <ItemGroup>
    <ClInclude Include="source\in_the_dark\error.h">
      <Filter>Header Files</Filter>
    </ClInclude>
    <ClInclude Include="source\in_the_dark\core\main_window\main_window_api.h">
      <Filter>Header Files</Filter>
    </ClInclude>
    <ClInclude Include="source\in_the_dark\core\main_window\main_window.h">
      <Filter>Header Files</Filter>
    </ClInclude>
    <ClInclude Include="source\in_the_dark\core\main_window\event.h">
      <Filter>Header Files</Filter>
    </ClInclude>
    <ClInclude Include="source\in_the_dark\input\common\key_code.h">
      <Filter>Header Files</Filter>
    </ClInclude>
    <ClInclude Include="source\in_the_dark\input\common\action.h">
      <Filter>Header Files</Filter>
    </ClInclude>
    <ClInclude Include="source\in_the_dark\input\common\mouse_code.h">
      <Filter>Header Files</Filter>
    </ClInclude>
    <ClInclude Include="source\in_the_dark\engine_api.h">
      <Filter>Header Files</Filter>
    </ClInclude>
    <ClInclude Include="source\in_the_dark\core\message\message.h">
      <Filter>Header Files</Filter>
    </ClInclude>
    <ClInclude Include="source\in_the_dark\core\message\message_bus_api.h">
      <Filter>Header Files</Filter>
    </ClInclude>
    <ClInclude Include="source\in_the_dark\core\message\message_bus.h">
      <Filter>Header Files</Filter>
    </ClInclude>
    <ClInclude Include="source\in_the_dark\time\clock\clock_api.h">
      <Filter>Header Files</Filter>
    </ClInclude>
    <ClInclude Include="source\in_the_dark\time\clock\clock.h">
      <Filter>Header Files</Filter>
    </ClInclude>
    <ClInclude Include="source\in_the_dark\utility\enum.h">
      <Filter>Header Files</Filter>
    </ClInclude>
    <ClInclude Include="source\in_the_dark\time\stopwatch\stopwatch_api.h">
      <Filter>Header Files</Filter>
    </ClInclude>
    <ClInclude Include="source\in_the_dark\time\stopwatch\stopwatch.h">
      <Filter>Header Files</Filter>
    </ClInclude>
    <ClInclude Include="source\in_the_dark\utility\math.h">
      <Filter>Header Files</Filter>
    </ClInclude>
    <ClInclude Include="source\in_the_dark\time\time_manager\time_manager_api.h">
      <Filter>Header Files</Filter>
    </ClInclude>
    <ClInclude Include="source\in_the_dark\time\time_manager\time_manager.h">
      <Filter>Header Files</Filter>
    </ClInclude>
    <ClInclude Include="source\in_the_dark\graphics\graphics\graphics_api.h">
      <Filter>Header Files</Filter>
    </ClInclude>
    <ClInclude Include="source\in_the_dark\graphics\graphics\graphics.h">
      <Filter>Header Files</Filter>
    </ClInclude>
    <ClInclude Include="source\in_the_dark\graphics\renderer\renderer_api.h">
      <Filter>Header Files</Filter>
    </ClInclude>
    <ClInclude Include="source\in_the_dark\graphics\renderer\renderer.h">
      <Filter>Header Files</Filter>
    </ClInclude>
    <ClInclude Include="source\in_the_dark\input\keyboard\keyboard_api.h">
      <Filter>Header Files</Filter>
    </ClInclude>
    <ClInclude Include="source\in_the_dark\input\keyboard\keyboard.h">
      <Filter>Header Files</Filter>
    </ClInclude>
    <ClInclude Include="source\in_the_dark\input\frame_counter.h">
      <Filter>Header Files</Filter>
    </ClInclude>
    <ClInclude Include="source\in_the_dark\input\mouse\mouse_api.h">
      <Filter>Header Files</Filter>
    </ClInclude>
    <ClInclude Include="source\in_the_dark\input\mouse\mouse.h">
      <Filter>Header Files</Filter>
    </ClInclude>
    <ClInclude Include="source\in_the_dark\input\cursor\cursor_api.h">
      <Filter>Header Files</Filter>
    </ClInclude>
    <ClInclude Include="source\in_the_dark\input\cursor\cursor.h">
      <Filter>Header Files</Filter>
    </ClInclude>
    <ClInclude Include="source\in_the_dark\scene\scene.h">
      <Filter>Header Files</Filter>
    </ClInclude>
    <ClInclude Include="source\in_the_dark\scene\scene_manager\scene_manager.h">
      <Filter>Header Files</Filter>
    </ClInclude>
    <ClInclude Include="source\in_the_dark\scene\scene_manager\scene_manager_api.h">
      <Filter>Header Files</Filter>
    </ClInclude>
    <ClInclude Include="source\in_the_dark\scene\game\game_scene.h">
      <Filter>Header Files</Filter>
    </ClInclude>
    <ClInclude Include="source\in_the_dark\utility\hierarchy_id_manager.h">
      <Filter>Header Files</Filter>
    </ClInclude>
    <ClInclude Include="source\in_the_dark\core\worker\worker_api.h">
      <Filter>Header Files</Filter>
    </ClInclude>
    <ClInclude Include="source\in_the_dark\core\worker\main_thread_worker.h">
      <Filter>Header Files</Filter>
    </ClInclude>
    <ClInclude Include="source\in_the_dark\core\worker\async_worker.h">
      <Filter>Header Files</Filter>
    </ClInclude>
    <ClInclude Include="source\in_the_dark\game_object\snapshot_storage.h">
      <Filter>Header Files</Filter>
    </ClInclude>
    <ClInclude Include="source\in_the_dark\game_object\list\player.h">
      <Filter>Header Files</Filter>
    </ClInclude>
    <ClInclude Include="source\in_the_dark\game_object\snapshot_manager.h">
      <Filter>Header Files</Filter>
    </ClInclude>
    <ClInclude Include="source\in_the_dark\game_object\game_object_storage.h">
      <Filter>Header Files</Filter>
    </ClInclude>
    <ClInclude Include="source\in_the_dark\game_object\game_object_manager.h">
      <Filter>Header Files</Filter>
    </ClInclude>
    <ClInclude Include="source\in_the_dark\game_object\game_object_list.h">
      <Filter>Header Files</Filter>
    </ClInclude>
    <ClInclude Include="source\in_the_dark\core\worker\worker_thread.h">
      <Filter>Header Files</Filter>
    </ClInclude>
    <ClInclude Include="source\in_the_dark\core\worker\deferred_async_worker.h">
      <Filter>Header Files</Filter>
    </ClInclude>
    <ClInclude Include="source\in_the_dark\game_object\list\obstacle.h">
      <Filter>Header Files</Filter>
    </ClInclude>
    <ClInclude Include="source\in_the_dark\application.h">
      <Filter>Header Files</Filter>
    </ClInclude>
    <ClInclude Include="source\in_the_dark\scene\building\building_scene.h">
      <Filter>Header Files</Filter>
    </ClInclude>
  </ItemGroup>
</Project>